
Microsoft Visual Studio Solution File, Format Version 12.00
# Visual Studio Version 16
VisualStudioVersion = 16.0.31005.135
MinimumVisualStudioVersion = 10.0.40219.1
Project("{FAE04EC0-301F-11D3-BF4B-00C04F79EFBC}") = "EvidenceTest03", "EvidenceTest03\EvidenceTest03.csproj", "{8C4DD8FC-0B18-41BC-8E4F-5D4FAB8E144C}"
EndProject
Project("{FAE04EC0-301F-11D3-BF4B-00C04F79EFBC}") = "LINQtest", "LINQtest\LINQtest.csproj", "{18735EEF-264E-4911-8180-32EE2AD8955D}"
EndProject
Project("{FAE04EC0-301F-11D3-BF4B-00C04F79EFBC}") = "Multitasking", "Multitasking\Multitasking.csproj", "{D4B1E168-6A4A-45D4-8B49-0B840B68EBA3}"
EndProject
Global
	GlobalSection(SolutionConfigurationPlatforms) = preSolution
		Debug|Any CPU = Debug|Any CPU
		Release|Any CPU = Release|Any CPU
	EndGlobalSection
	GlobalSection(ProjectConfigurationPlatforms) = postSolution
		{8C4DD8FC-0B18-41BC-8E4F-5D4FAB8E144C}.Debug|Any CPU.ActiveCfg = Debug|Any CPU
		{8C4DD8FC-0B18-41BC-8E4F-5D4FAB8E144C}.Debug|Any CPU.Build.0 = Debug|Any CPU
		{8C4DD8FC-0B18-41BC-8E4F-5D4FAB8E144C}.Release|Any CPU.ActiveCfg = Release|Any CPU
		{8C4DD8FC-0B18-41BC-8E4F-5D4FAB8E144C}.Release|Any CPU.Build.0 = Release|Any CPU
		{18735EEF-264E-4911-8180-32EE2AD8955D}.Debug|Any CPU.ActiveCfg = Debug|Any CPU
		{18735EEF-264E-4911-8180-32EE2AD8955D}.Debug|Any CPU.Build.0 = Debug|Any CPU
		{18735EEF-264E-4911-8180-32EE2AD8955D}.Release|Any CPU.ActiveCfg = Release|Any CPU
		{18735EEF-264E-4911-8180-32EE2AD8955D}.Release|Any CPU.Build.0 = Release|Any CPU
		{D4B1E168-6A4A-45D4-8B49-0B840B68EBA3}.Debug|Any CPU.ActiveCfg = Debug|Any CPU
		{D4B1E168-6A4A-45D4-8B49-0B840B68EBA3}.Debug|Any CPU.Build.0 = Debug|Any CPU
		{D4B1E168-6A4A-45D4-8B49-0B840B68EBA3}.Release|Any CPU.ActiveCfg = Release|Any CPU
		{D4B1E168-6A4A-45D4-8B49-0B840B68EBA3}.Release|Any CPU.Build.0 = Release|Any CPU
	EndGlobalSection
	GlobalSection(SolutionProperties) = preSolution
		HideSolutionNode = FALSE
	EndGlobalSection
	GlobalSection(ExtensibilityGlobals) = postSolution
		SolutionGuid = {B3226471-1CCB-4DF6-8E74-8DA4B8073C3C}
	EndGlobalSection
EndGlobal
